// !$*UTF8*$!
{
	archiveVersion = 1;
	classes = {
	};
	objectVersion = 50;
	objects = {

/* Begin PBXBuildFile section */
		A44CF54724298E000081AE2C /* LocationManager.swift in Sources */ = {isa = PBXBuildFile; fileRef = A44CF54624298DFF0081AE2C /* LocationManager.swift */; };
		A4856CE0242826C600E6024E /* AppDelegate.swift in Sources */ = {isa = PBXBuildFile; fileRef = A4856CDF242826C600E6024E /* AppDelegate.swift */; };
		A4856CE2242826C600E6024E /* SceneDelegate.swift in Sources */ = {isa = PBXBuildFile; fileRef = A4856CE1242826C600E6024E /* SceneDelegate.swift */; };
		A4856CE5242826C600E6024E /* Weatly.xcdatamodeld in Sources */ = {isa = PBXBuildFile; fileRef = A4856CE3242826C600E6024E /* Weatly.xcdatamodeld */; };
		A4856CE7242826C600E6024E /* ContentView.swift in Sources */ = {isa = PBXBuildFile; fileRef = A4856CE6242826C600E6024E /* ContentView.swift */; };
		A4856CE9242826CD00E6024E /* Assets.xcassets in Resources */ = {isa = PBXBuildFile; fileRef = A4856CE8242826CD00E6024E /* Assets.xcassets */; };
		A4856CEC242826CD00E6024E /* Preview Assets.xcassets in Resources */ = {isa = PBXBuildFile; fileRef = A4856CEB242826CD00E6024E /* Preview Assets.xcassets */; };
		A4856CEF242826CD00E6024E /* LaunchScreen.storyboard in Resources */ = {isa = PBXBuildFile; fileRef = A4856CED242826CD00E6024E /* LaunchScreen.storyboard */; };
		A4856CF72428285F00E6024E /* WeatherRow.swift in Sources */ = {isa = PBXBuildFile; fileRef = A4856CF62428285F00E6024E /* WeatherRow.swift */; };
		A4856CFF24282F5500E6024E /* PersistantService.swift in Sources */ = {isa = PBXBuildFile; fileRef = A4856CFE24282F5500E6024E /* PersistantService.swift */; };
		A4856D0124283D7F00E6024E /* DataModel.swift in Sources */ = {isa = PBXBuildFile; fileRef = A4856D0024283D7F00E6024E /* DataModel.swift */; };
		A4856D0324283DAC00E6024E /* SwiftUIList.swift in Sources */ = {isa = PBXBuildFile; fileRef = A4856D0224283DAC00E6024E /* SwiftUIList.swift */; };
		A4856D0524283E0100E6024E /* CustomScrollView.swift in Sources */ = {isa = PBXBuildFile; fileRef = A4856D0424283E0100E6024E /* CustomScrollView.swift */; };
		A4CB5C35242AC69600A5B54E /* WeatherClass+CoreDataClass.swift in Sources */ = {isa = PBXBuildFile; fileRef = A4CB5C33242AC69600A5B54E /* WeatherClass+CoreDataClass.swift */; };
		A4CB5C38242AC72900A5B54E /* WeatherClass+CoreDataProperties.swift in Sources */ = {isa = PBXBuildFile; fileRef = A4CB5C37242AC72900A5B54E /* WeatherClass+CoreDataProperties.swift */; };
/* End PBXBuildFile section */

/* Begin PBXFileReference section */
		A44CF54624298DFF0081AE2C /* LocationManager.swift */ = {isa = PBXFileReference; lastKnownFileType = sourcecode.swift; path = LocationManager.swift; sourceTree = "<group>"; };
		A4856CDC242826C600E6024E /* Weatly.app */ = {isa = PBXFileReference; explicitFileType = wrapper.application; includeInIndex = 0; path = Weatly.app; sourceTree = BUILT_PRODUCTS_DIR; };
		A4856CDF242826C600E6024E /* AppDelegate.swift */ = {isa = PBXFileReference; lastKnownFileType = sourcecode.swift; path = AppDelegate.swift; sourceTree = "<group>"; };
		A4856CE1242826C600E6024E /* SceneDelegate.swift */ = {isa = PBXFileReference; lastKnownFileType = sourcecode.swift; path = SceneDelegate.swift; sourceTree = "<group>"; };
		A4856CE4242826C600E6024E /* Weatly.xcdatamodel */ = {isa = PBXFileReference; lastKnownFileType = wrapper.xcdatamodel; path = Weatly.xcdatamodel; sourceTree = "<group>"; };
		A4856CE6242826C600E6024E /* ContentView.swift */ = {isa = PBXFileReference; lastKnownFileType = sourcecode.swift; path = ContentView.swift; sourceTree = "<group>"; };
		A4856CE8242826CD00E6024E /* Assets.xcassets */ = {isa = PBXFileReference; lastKnownFileType = folder.assetcatalog; path = Assets.xcassets; sourceTree = "<group>"; };
		A4856CEB242826CD00E6024E /* Preview Assets.xcassets */ = {isa = PBXFileReference; lastKnownFileType = folder.assetcatalog; path = "Preview Assets.xcassets"; sourceTree = "<group>"; };
		A4856CEE242826CD00E6024E /* Base */ = {isa = PBXFileReference; lastKnownFileType = file.storyboard; name = Base; path = Base.lproj/LaunchScreen.storyboard; sourceTree = "<group>"; };
		A4856CF0242826CD00E6024E /* Info.plist */ = {isa = PBXFileReference; lastKnownFileType = text.plist.xml; path = Info.plist; sourceTree = "<group>"; };
		A4856CF62428285F00E6024E /* WeatherRow.swift */ = {isa = PBXFileReference; lastKnownFileType = sourcecode.swift; path = WeatherRow.swift; sourceTree = "<group>"; };
		A4856CFE24282F5500E6024E /* PersistantService.swift */ = {isa = PBXFileReference; lastKnownFileType = sourcecode.swift; path = PersistantService.swift; sourceTree = "<group>"; };
		A4856D0024283D7F00E6024E /* DataModel.swift */ = {isa = PBXFileReference; lastKnownFileType = sourcecode.swift; path = DataModel.swift; sourceTree = "<group>"; };
		A4856D0224283DAC00E6024E /* SwiftUIList.swift */ = {isa = PBXFileReference; lastKnownFileType = sourcecode.swift; path = SwiftUIList.swift; sourceTree = "<group>"; };
		A4856D0424283E0100E6024E /* CustomScrollView.swift */ = {isa = PBXFileReference; lastKnownFileType = sourcecode.swift; path = CustomScrollView.swift; sourceTree = "<group>"; };
		A4CB5C33242AC69600A5B54E /* WeatherClass+CoreDataClass.swift */ = {isa = PBXFileReference; lastKnownFileType = sourcecode.swift; path = "WeatherClass+CoreDataClass.swift"; sourceTree = "<group>"; };
		A4CB5C37242AC72900A5B54E /* WeatherClass+CoreDataProperties.swift */ = {isa = PBXFileReference; lastKnownFileType = sourcecode.swift; path = "WeatherClass+CoreDataProperties.swift"; sourceTree = "<group>"; };
/* End PBXFileReference section */

/* Begin PBXFrameworksBuildPhase section */
		A4856CD9242826C600E6024E /* Frameworks */ = {
			isa = PBXFrameworksBuildPhase;
			buildActionMask = 2147483647;
			files = (
			);
			runOnlyForDeploymentPostprocessing = 0;
		};
/* End PBXFrameworksBuildPhase section */

/* Begin PBXGroup section */
		A46D4E12242AE96600316960 /* Core Data */ = {
			isa = PBXGroup;
			children = (
				A4856CFE24282F5500E6024E /* PersistantService.swift */,
				A4CB5C37242AC72900A5B54E /* WeatherClass+CoreDataProperties.swift */,
				A4CB5C33242AC69600A5B54E /* WeatherClass+CoreDataClass.swift */,
				A4856CE3242826C600E6024E /* Weatly.xcdatamodeld */,
			);
			path = "Core Data";
			sourceTree = "<group>";
		};
		A46D4E13242AE97E00316960 /* Delegates */ = {
			isa = PBXGroup;
			children = (
				A4856CDF242826C600E6024E /* AppDelegate.swift */,
				A4856CE1242826C600E6024E /* SceneDelegate.swift */,
			);
			path = Delegates;
			sourceTree = "<group>";
		};
		A46D4E14242AE9A800316960 /* Data & Location */ = {
			isa = PBXGroup;
			children = (
				A4856D0024283D7F00E6024E /* DataModel.swift */,
				A44CF54624298DFF0081AE2C /* LocationManager.swift */,
			);
			path = "Data & Location";
			sourceTree = "<group>";
		};
		A46D4E15242AE9B800316960 /* Views */ = {
			isa = PBXGroup;
			children = (
				A4856CE6242826C600E6024E /* ContentView.swift */,
				A4856D0224283DAC00E6024E /* SwiftUIList.swift */,
				A4856D0424283E0100E6024E /* CustomScrollView.swift */,
				A4856CF62428285F00E6024E /* WeatherRow.swift */,
			);
			path = Views;
			sourceTree = "<group>";
		};
		A4856CD3242826C600E6024E = {
			isa = PBXGroup;
			children = (
				A4856CDE242826C600E6024E /* Weatly */,
				A4856CDD242826C600E6024E /* Products */,
			);
			sourceTree = "<group>";
		};
		A4856CDD242826C600E6024E /* Products */ = {
			isa = PBXGroup;
			children = (
				A4856CDC242826C600E6024E /* Weatly.app */,
			);
			name = Products;
			sourceTree = "<group>";
		};
		A4856CDE242826C600E6024E /* Weatly */ = {
			isa = PBXGroup;
			children = (
				A46D4E12242AE96600316960 /* Core Data */,
				A46D4E13242AE97E00316960 /* Delegates */,
				A46D4E15242AE9B800316960 /* Views */,
				A46D4E14242AE9A800316960 /* Data & Location */,
				A4856CE8242826CD00E6024E /* Assets.xcassets */,
				A4856CED242826CD00E6024E /* LaunchScreen.storyboard */,
				A4856CF0242826CD00E6024E /* Info.plist */,
				A4856CEA242826CD00E6024E /* Preview Content */,
			);
			path = Weatly;
			sourceTree = "<group>";
		};
		A4856CEA242826CD00E6024E /* Preview Content */ = {
			isa = PBXGroup;
			children = (
				A4856CEB242826CD00E6024E /* Preview Assets.xcassets */,
			);
			path = "Preview Content";
			sourceTree = "<group>";
		};
/* End PBXGroup section */

/* Begin PBXNativeTarget section */
		A4856CDB242826C600E6024E /* Weatly */ = {
			isa = PBXNativeTarget;
			buildConfigurationList = A4856CF3242826CD00E6024E /* Build configuration list for PBXNativeTarget "Weatly" */;
			buildPhases = (
				A4856CD8242826C600E6024E /* Sources */,
				A4856CD9242826C600E6024E /* Frameworks */,
				A4856CDA242826C600E6024E /* Resources */,
			);
			buildRules = (
			);
			dependencies = (
			);
			name = Weatly;
			productName = Weatly;
			productReference = A4856CDC242826C600E6024E /* Weatly.app */;
			productType = "com.apple.product-type.application";
		};
/* End PBXNativeTarget section */

/* Begin PBXProject section */
		A4856CD4242826C600E6024E /* Project object */ = {
			isa = PBXProject;
			attributes = {
				LastSwiftUpdateCheck = 1130;
				LastUpgradeCheck = 1130;
				ORGANIZATIONNAME = "Roman Mishchenko";
				TargetAttributes = {
					A4856CDB242826C600E6024E = {
						CreatedOnToolsVersion = 11.3.1;
					};
				};
			};
			buildConfigurationList = A4856CD7242826C600E6024E /* Build configuration list for PBXProject "Weatly" */;
			compatibilityVersion = "Xcode 9.3";
			developmentRegion = en;
			hasScannedForEncodings = 0;
			knownRegions = (
				en,
				Base,
			);
			mainGroup = A4856CD3242826C600E6024E;
			productRefGroup = A4856CDD242826C600E6024E /* Products */;
			projectDirPath = "";
			projectRoot = "";
			targets = (
				A4856CDB242826C600E6024E /* Weatly */,
			);
		};
/* End PBXProject section */

/* Begin PBXResourcesBuildPhase section */
		A4856CDA242826C600E6024E /* Resources */ = {
			isa = PBXResourcesBuildPhase;
			buildActionMask = 2147483647;
			files = (
				A4856CEF242826CD00E6024E /* LaunchScreen.storyboard in Resources */,
				A4856CEC242826CD00E6024E /* Preview Assets.xcassets in Resources */,
				A4856CE9242826CD00E6024E /* Assets.xcassets in Resources */,
			);
			runOnlyForDeploymentPostprocessing = 0;
		};
/* End PBXResourcesBuildPhase section */

/* Begin PBXSourcesBuildPhase section */
		A4856CD8242826C600E6024E /* Sources */ = {
			isa = PBXSourcesBuildPhase;
			buildActionMask = 2147483647;
			files = (
				A4856CFF24282F5500E6024E /* PersistantService.swift in Sources */,
				A4856CE0242826C600E6024E /* AppDelegate.swift in Sources */,
				A4856D0324283DAC00E6024E /* SwiftUIList.swift in Sources */,
				A4CB5C38242AC72900A5B54E /* WeatherClass+CoreDataProperties.swift in Sources */,
				A4856CF72428285F00E6024E /* WeatherRow.swift in Sources */,
				A4CB5C35242AC69600A5B54E /* WeatherClass+CoreDataClass.swift in Sources */,
				A4856CE5242826C600E6024E /* Weatly.xcdatamodeld in Sources */,
				A4856CE7242826C600E6024E /* ContentView.swift in Sources */,
				A44CF54724298E000081AE2C /* LocationManager.swift in Sources */,
				A4856CE2242826C600E6024E /* SceneDelegate.swift in Sources */,
				A4856D0124283D7F00E6024E /* DataModel.swift in Sources */,
				A4856D0524283E0100E6024E /* CustomScrollView.swift in Sources */,
			);
			runOnlyForDeploymentPostprocessing = 0;
		};
/* End PBXSourcesBuildPhase section */

/* Begin PBXVariantGroup section */
		A4856CED242826CD00E6024E /* LaunchScreen.storyboard */ = {
			isa = PBXVariantGroup;
			children = (
				A4856CEE242826CD00E6024E /* Base */,
			);
			name = LaunchScreen.storyboard;
			sourceTree = "<group>";
		};
/* End PBXVariantGroup section */

/* Begin XCBuildConfiguration section */
		A4856CF1242826CD00E6024E /* Debug */ = {
			isa = XCBuildConfiguration;
			buildSettings = {
				ALWAYS_SEARCH_USER_PATHS = NO;
				CLANG_ANALYZER_NONNULL = YES;
				CLANG_ANALYZER_NUMBER_OBJECT_CONVERSION = YES_AGGRESSIVE;
				CLANG_CXX_LANGUAGE_STANDARD = "gnu++14";
				CLANG_CXX_LIBRARY = "libc++";
				CLANG_ENABLE_MODULES = YES;
				CLANG_ENABLE_OBJC_ARC = YES;
				CLANG_ENABLE_OBJC_WEAK = YES;
				CLANG_WARN_BLOCK_CAPTURE_AUTORELEASING = YES;
				CLANG_WARN_BOOL_CONVERSION = YES;
				CLANG_WARN_COMMA = YES;
				CLANG_WARN_CONSTANT_CONVERSION = YES;
				CLANG_WARN_DEPRECATED_OBJC_IMPLEMENTATIONS = YES;
				CLANG_WARN_DIRECT_OBJC_ISA_USAGE = YES_ERROR;
				CLANG_WARN_DOCUMENTATION_COMMENTS = YES;
				CLANG_WARN_EMPTY_BODY = YES;
				CLANG_WARN_ENUM_CONVERSION = YES;
				CLANG_WARN_INFINITE_RECURSION = YES;
				CLANG_WARN_INT_CONVERSION = YES;
				CLANG_WARN_NON_LITERAL_NULL_CONVERSION = YES;
				CLANG_WARN_OBJC_IMPLICIT_RETAIN_SELF = YES;
				CLANG_WARN_OBJC_LITERAL_CONVERSION = YES;
				CLANG_WARN_OBJC_ROOT_CLASS = YES_ERROR;
				CLANG_WARN_RANGE_LOOP_ANALYSIS = YES;
				CLANG_WARN_STRICT_PROTOTYPES = YES;
				CLANG_WARN_SUSPICIOUS_MOVE = YES;
				CLANG_WARN_UNGUARDED_AVAILABILITY = YES_AGGRESSIVE;
				CLANG_WARN_UNREACHABLE_CODE = YES;
				CLANG_WARN__DUPLICATE_METHOD_MATCH = YES;
				COPY_PHASE_STRIP = NO;
				DEBUG_INFORMATION_FORMAT = dwarf;
				ENABLE_STRICT_OBJC_MSGSEND = YES;
				ENABLE_TESTABILITY = YES;
				GCC_C_LANGUAGE_STANDARD = gnu11;
				GCC_DYNAMIC_NO_PIC = NO;
				GCC_NO_COMMON_BLOCKS = YES;
				GCC_OPTIMIZATION_LEVEL = 0;
				GCC_PREPROCESSOR_DEFINITIONS = (
					"DEBUG=1",
					"$(inherited)",
				);
				GCC_WARN_64_TO_32_BIT_CONVERSION = YES;
				GCC_WARN_ABOUT_RETURN_TYPE = YES_ERROR;
				GCC_WARN_UNDECLARED_SELECTOR = YES;
				GCC_WARN_UNINITIALIZED_AUTOS = YES_AGGRESSIVE;
				GCC_WARN_UNUSED_FUNCTION = YES;
				GCC_WARN_UNUSED_VARIABLE = YES;
				IPHONEOS_DEPLOYMENT_TARGET = 13.2;
				MTL_ENABLE_DEBUG_INFO = INCLUDE_SOURCE;
				MTL_FAST_MATH = YES;
				ONLY_ACTIVE_ARCH = YES;
				SDKROOT = iphoneos;
				SWIFT_ACTIVE_COMPILATION_CONDITIONS = DEBUG;
				SWIFT_OPTIMIZATION_LEVEL = "-Onone";
			};
			name = Debug;
		};
		A4856CF2242826CD00E6024E /* Release */ = {
			isa = XCBuildConfiguration;
			buildSettings = {
				ALWAYS_SEARCH_USER_PATHS = NO;
				CLANG_ANALYZER_NONNULL = YES;
				CLANG_ANALYZER_NUMBER_OBJECT_CONVERSION = YES_AGGRESSIVE;
				CLANG_CXX_LANGUAGE_STANDARD = "gnu++14";
				CLANG_CXX_LIBRARY = "libc++";
				CLANG_ENABLE_MODULES = YES;
				CLANG_ENABLE_OBJC_ARC = YES;
				CLANG_ENABLE_OBJC_WEAK = YES;
				CLANG_WARN_BLOCK_CAPTURE_AUTORELEASING = YES;
				CLANG_WARN_BOOL_CONVERSION = YES;
				CLANG_WARN_COMMA = YES;
				CLANG_WARN_CONSTANT_CONVERSION = YES;
				CLANG_WARN_DEPRECATED_OBJC_IMPLEMENTATIONS = YES;
				CLANG_WARN_DIRECT_OBJC_ISA_USAGE = YES_ERROR;
				CLANG_WARN_DOCUMENTATION_COMMENTS = YES;
				CLANG_WARN_EMPTY_BODY = YES;
				CLANG_WARN_ENUM_CONVERSION = YES;
				CLANG_WARN_INFINITE_RECURSION = YES;
				CLANG_WARN_INT_CONVERSION = YES;
				CLANG_WARN_NON_LITERAL_NULL_CONVERSION = YES;
				CLANG_WARN_OBJC_IMPLICIT_RETAIN_SELF = YES;
				CLANG_WARN_OBJC_LITERAL_CONVERSION = YES;
				CLANG_WARN_OBJC_ROOT_CLASS = YES_ERROR;
				CLANG_WARN_RANGE_LOOP_ANALYSIS = YES;
				CLANG_WARN_STRICT_PROTOTYPES = YES;
				CLANG_WARN_SUSPICIOUS_MOVE = YES;
				CLANG_WARN_UNGUARDED_AVAILABILITY = YES_AGGRESSIVE;
				CLANG_WARN_UNREACHABLE_CODE = YES;
				CLANG_WARN__DUPLICATE_METHOD_MATCH = YES;
				COPY_PHASE_STRIP = NO;
				DEBUG_INFORMATION_FORMAT = "dwarf-with-dsym";
				ENABLE_NS_ASSERTIONS = NO;
				ENABLE_STRICT_OBJC_MSGSEND = YES;
				GCC_C_LANGUAGE_STANDARD = gnu11;
				GCC_NO_COMMON_BLOCKS = YES;
				GCC_WARN_64_TO_32_BIT_CONVERSION = YES;
				GCC_WARN_ABOUT_RETURN_TYPE = YES_ERROR;
				GCC_WARN_UNDECLARED_SELECTOR = YES;
				GCC_WARN_UNINITIALIZED_AUTOS = YES_AGGRESSIVE;
				GCC_WARN_UNUSED_FUNCTION = YES;
				GCC_WARN_UNUSED_VARIABLE = YES;
				IPHONEOS_DEPLOYMENT_TARGET = 13.2;
				MTL_ENABLE_DEBUG_INFO = NO;
				MTL_FAST_MATH = YES;
				SDKROOT = iphoneos;
				SWIFT_COMPILATION_MODE = wholemodule;
				SWIFT_OPTIMIZATION_LEVEL = "-O";
				VALIDATE_PRODUCT = YES;
			};
			name = Release;
		};
		A4856CF4242826CD00E6024E /* Debug */ = {
			isa = XCBuildConfiguration;
			buildSettings = {
				ASSETCATALOG_COMPILER_APPICON_NAME = AppIcon;
				CODE_SIGN_STYLE = Automatic;
				DEVELOPMENT_ASSET_PATHS = "\"Weatly/Preview Content\"";
				DEVELOPMENT_TEAM = 2J4MPK85U4;
				ENABLE_PREVIEWS = YES;
				INFOPLIST_FILE = Weatly/Info.plist;
				LD_RUNPATH_SEARCH_PATHS = (
					"$(inherited)",
					"@executable_path/Frameworks",
				);
				PRODUCT_BUNDLE_IDENTIFIER = CauThon.Weatly;
				PRODUCT_NAME = "$(TARGET_NAME)";
				SWIFT_VERSION = 5.0;
				TARGETED_DEVICE_FAMILY = "1,2";
			};
			name = Debug;
		};
		A4856CF5242826CD00E6024E /* Release */ = {
			isa = XCBuildConfiguration;
			buildSettings = {
				ASSETCATALOG_COMPILER_APPICON_NAME = AppIcon;
				CODE_SIGN_STYLE = Automatic;
				DEVELOPMENT_ASSET_PATHS = "\"Weatly/Preview Content\"";
				DEVELOPMENT_TEAM = 2J4MPK85U4;
				ENABLE_PREVIEWS = YES;
				INFOPLIST_FILE = Weatly/Info.plist;
				LD_RUNPATH_SEARCH_PATHS = (
					"$(inherited)",
					"@executable_path/Frameworks",
				);
				PRODUCT_BUNDLE_IDENTIFIER = CauThon.Weatly;
				PRODUCT_NAME = "$(TARGET_NAME)";
				SWIFT_VERSION = 5.0;
				TARGETED_DEVICE_FAMILY = "1,2";
			};
			name = Release;
		};
/* End XCBuildConfiguration section */

/* Begin XCConfigurationList section */
		A4856CD7242826C600E6024E /* Build configuration list for PBXProject "Weatly" */ = {
			isa = XCConfigurationList;
			buildConfigurations = (
				A4856CF1242826CD00E6024E /* Debug */,
				A4856CF2242826CD00E6024E /* Release */,
			);
			defaultConfigurationIsVisible = 0;
			defaultConfigurationName = Release;
		};
		A4856CF3242826CD00E6024E /* Build configuration list for PBXNativeTarget "Weatly" */ = {
			isa = XCConfigurationList;
			buildConfigurations = (
				A4856CF4242826CD00E6024E /* Debug */,
				A4856CF5242826CD00E6024E /* Release */,
			);
			defaultConfigurationIsVisible = 0;
			defaultConfigurationName = Release;
		};
/* End XCConfigurationList section */

/* Begin XCVersionGroup section */
		A4856CE3242826C600E6024E /* Weatly.xcdatamodeld */ = {
			isa = XCVersionGroup;
			children = (
				A4856CE4242826C600E6024E /* Weatly.xcdatamodel */,
			);
			currentVersion = A4856CE4242826C600E6024E /* Weatly.xcdatamodel */;
			path = Weatly.xcdatamodeld;
			sourceTree = "<group>";
			versionGroupType = wrapper.xcdatamodel;
		};
/* End XCVersionGroup section */
	};
	rootObject = A4856CD4242826C600E6024E /* Project object */;
}
